Microsoft Visual Studio Solution File, Format Version 12.00
# Visual Studio Version 16
VisualStudioVersion = 16.0.30320.27
MinimumVisualStudioVersion = 10.0.40219.1
Project("{FAE04EC0-301F-11D3-BF4B-00C04F79EFBC}") = "CLI", "CLI\CLI.csproj", "{D1074A0C-D571-4B3D-9D28-41098EDE9C24}"
EndProject
Project("{FAE04EC0-301F-11D3-BF4B-00C04F79EFBC}") = "GUI", "GUI\GUI.csproj", "{4A221951-8CE7-4AA8-BFB6-AF3CDA8E34A1}"
EndProject
Global
	GlobalSection(SolutionConfigurationPlatforms) = preSolution
		Debug|Any CPU = Debug|Any CPU
		Release|Any CPU = Release|Any CPU
	EndGlobalSection
	GlobalSection(ProjectConfigurationPlatforms) = postSolution
		{D1074A0C-D571-4B3D-9D28-41098EDE9C24}.Debug|Any CPU.ActiveCfg = Debug|Any CPU
		{D1074A0C-D571-4B3D-9D28-41098EDE9C24}.Debug|Any CPU.Build.0 = Debug|Any CPU
		{D1074A0C-D571-4B3D-9D28-41098EDE9C24}.Release|Any CPU.ActiveCfg = Release|Any CPU
		{D1074A0C-D571-4B3D-9D28-41098EDE9C24}.Release|Any CPU.Build.0 = Release|Any CPU
		{4A221951-8CE7-4AA8-BFB6-AF3CDA8E34A1}.Debug|Any CPU.ActiveCfg = Debug|Any CPU
		{4A221951-8CE7-4AA8-BFB6-AF3CDA8E34A1}.Debug|Any CPU.Build.0 = Debug|Any CPU
		{4A221951-8CE7-4AA8-BFB6-AF3CDA8E34A1}.Release|Any CPU.ActiveCfg = Release|Any CPU
		{4A221951-8CE7-4AA8-BFB6-AF3CDA8E34A1}.Release|Any CPU.Build.0 = Release|Any CPU
	EndGlobalSection
	GlobalSection(SolutionProperties) = preSolution
		HideSolutionNode = FALSE
	EndGlobalSection
	GlobalSection(ExtensibilityGlobals) = postSolution
		SolutionGuid = {92AA6DF3-7539-43DD-860C-0FC33606702B}
	EndGlobalSection
EndGlobal